// !$*UTF8*$!
{
	archiveVersion = 1;
	classes = {
	};
	objectVersion = 46;
	objects = {

/* Begin PBXBuildFile section */
		98D360A91D3A8A6F002D57E5 /* main.m in Sources */ = {isa = PBXBuildFile; fileRef = 98D360A81D3A8A6F002D57E5 /* main.m */; };
		98D360AC1D3A8A6F002D57E5 /* AppDelegate.m in Sources */ = {isa = PBXBuildFile; fileRef = 98D360AB1D3A8A6F002D57E5 /* AppDelegate.m */; };
		98D360AF1D3A8A6F002D57E5 /* ViewController.m in Sources */ = {isa = PBXBuildFile; fileRef = 98D360AE1D3A8A6F002D57E5 /* ViewController.m */; };
		98D360B21D3A8A6F002D57E5 /* Main.storyboard in Resources */ = {isa = PBXBuildFile; fileRef = 98D360B01D3A8A6F002D57E5 /* Main.storyboard */; };
		98D360B41D3A8A6F002D57E5 /* Assets.xcassets in Resources */ = {isa = PBXBuildFile; fileRef = 98D360B31D3A8A6F002D57E5 /* Assets.xcassets */; };
		98D360B71D3A8A6F002D57E5 /* LaunchScreen.storyboard in Resources */ = {isa = PBXBuildFile; fileRef = 98D360B51D3A8A6F002D57E5 /* LaunchScreen.storyboard */; };
		98D360C01D3A8A85002D57E5 /* NextViewController.m in Sources */ = {isa = PBXBuildFile; fileRef = 98D360BF1D3A8A85002D57E5 /* NextViewController.m */; };
		98D360C21D3A8ABA002D57E5 /* qwe.jpg in Resources */ = {isa = PBXBuildFile; fileRef = 98D360C11D3A8ABA002D57E5 /* qwe.jpg */; };
/* End PBXBuildFile section */

/* Begin PBXFileReference section */
		98D360A41D3A8A6F002D57E5 /* ImagesFlex.app */ = {isa = PBXFileReference; explicitFileType = wrapper.application; includeInIndex = 0; path = ImagesFlex.app; sourceTree = BUILT_PRODUCTS_DIR; };
		98D360A81D3A8A6F002D57E5 /* main.m */ = {isa = PBXFileReference; lastKnownFileType = sourcecode.c.objc; path = main.m; sourceTree = "<group>"; };
		98D360AA1D3A8A6F002D57E5 /* AppDelegate.h */ = {isa = PBXFileReference; lastKnownFileType = sourcecode.c.h; path = AppDelegate.h; sourceTree = "<group>"; };
		98D360AB1D3A8A6F002D57E5 /* AppDelegate.m */ = {isa = PBXFileReference; lastKnownFileType = sourcecode.c.objc; path = AppDelegate.m; sourceTree = "<group>"; };
		98D360AD1D3A8A6F002D57E5 /* ViewController.h */ = {isa = PBXFileReference; lastKnownFileType = sourcecode.c.h; path = ViewController.h; sourceTree = "<group>"; };
		98D360AE1D3A8A6F002D57E5 /* ViewController.m */ = {isa = PBXFileReference; lastKnownFileType = sourcecode.c.objc; path = ViewController.m; sourceTree = "<group>"; };
		98D360B11D3A8A6F002D57E5 /* Base */ = {isa = PBXFileReference; lastKnownFileType = file.storyboard; name = Base; path = Base.lproj/Main.storyboard; sourceTree = "<group>"; };
		98D360B31D3A8A6F002D57E5 /* Assets.xcassets */ = {isa = PBXFileReference; lastKnownFileType = folder.assetcatalog; path = Assets.xcassets; sourceTree = "<group>"; };
		98D360B61D3A8A6F002D57E5 /* Base */ = {isa = PBXFileReference; lastKnownFileType = file.storyboard; name = Base; path = Base.lproj/LaunchScreen.storyboard; sourceTree = "<group>"; };
		98D360B81D3A8A6F002D57E5 /* Info.plist */ = {isa = PBXFileReference; lastKnownFileType = text.plist.xml; path = Info.plist; sourceTree = "<group>"; };
		98D360BE1D3A8A85002D57E5 /* NextViewController.h */ = {isa = PBXFileReference; fileEncoding = 4; lastKnownFileType = sourcecode.c.h; path = NextViewController.h; sourceTree = "<group>"; };
		98D360BF1D3A8A85002D57E5 /* NextViewController.m */ = {isa = PBXFileReference; fileEncoding = 4; lastKnownFileType = sourcecode.c.objc; path = NextViewController.m; sourceTree = "<group>"; };
		98D360C11D3A8ABA002D57E5 /* qwe.jpg */ = {isa = PBXFileReference; lastKnownFileType = image.jpeg; path = qwe.jpg; sourceTree = "<group>"; };
/* End PBXFileReference section */

/* Begin PBXFrameworksBuildPhase section */
		98D360A11D3A8A6F002D57E5 /* Frameworks */ = {
			isa = PBXFrameworksBuildPhase;
			buildActionMask = 2147483647;
			files = (
			);
			runOnlyForDeploymentPostprocessing = 0;
		};
/* End PBXFrameworksBuildPhase section */

/* Begin PBXGroup section */
		98D3609B1D3A8A6E002D57E5 = {
			isa = PBXGroup;
			children = (
				98D360A61D3A8A6F002D57E5 /* ImagesFlex */,
				98D360A51D3A8A6F002D57E5 /* Products */,
			);
			sourceTree = "<group>";
		};
		98D360A51D3A8A6F002D57E5 /* Products */ = {
			isa = PBXGroup;
			children = (
				98D360A41D3A8A6F002D57E5 /* ImagesFlex.app */,
			);
			name = Products;
			sourceTree = "<group>";
		};
		98D360A61D3A8A6F002D57E5 /* ImagesFlex */ = {
			isa = PBXGroup;
			children = (
				98D360AA1D3A8A6F002D57E5 /* AppDelegate.h */,
				98D360AB1D3A8A6F002D57E5 /* AppDelegate.m */,
				98D360AD1D3A8A6F002D57E5 /* ViewController.h */,
				98D360AE1D3A8A6F002D57E5 /* ViewController.m */,
				98D360BE1D3A8A85002D57E5 /* NextViewController.h */,
				98D360BF1D3A8A85002D57E5 /* NextViewController.m */,
				98D360C11D3A8ABA002D57E5 /* qwe.jpg */,
				98D360B01D3A8A6F002D57E5 /* Main.storyboard */,
				98D360B31D3A8A6F002D57E5 /* Assets.xcassets */,
				98D360B51D3A8A6F002D57E5 /* LaunchScreen.storyboard */,
				98D360B81D3A8A6F002D57E5 /* Info.plist */,
				98D360A71D3A8A6F002D57E5 /* Supporting Files */,
			);
			path = ImagesFlex;
			sourceTree = "<group>";
		};
		98D360A71D3A8A6F002D57E5 /* Supporting Files */ = {
			isa = PBXGroup;
			children = (
				98D360A81D3A8A6F002D57E5 /* main.m */,
			);
			name = "Supporting Files";
			sourceTree = "<group>";
		};
/* End PBXGroup section */

/* Begin PBXNativeTarget section */
		98D360A31D3A8A6F002D57E5 /* ImagesFlex */ = {
			isa = PBXNativeTarget;
			buildConfigurationList = 98D360BB1D3A8A6F002D57E5 /* Build configuration list for PBXNativeTarget "ImagesFlex" */;
			buildPhases = (
				98D360A01D3A8A6F002D57E5 /* Sources */,
				98D360A11D3A8A6F002D57E5 /* Frameworks */,
				98D360A21D3A8A6F002D57E5 /* Resources */,
			);
			buildRules = (
			);
			dependencies = (
			);
			name = ImagesFlex;
			productName = ImagesFlex;
			productReference = 98D360A41D3A8A6F002D57E5 /* ImagesFlex.app */;
			productType = "com.apple.product-type.application";
		};
/* End PBXNativeTarget section */

/* Begin PBXProject section */
		98D3609C1D3A8A6E002D57E5 /* Project object */ = {
			isa = PBXProject;
			attributes = {
				LastUpgradeCheck = 0720;
				ORGANIZATIONNAME = "刘虎";
				TargetAttributes = {
					98D360A31D3A8A6F002D57E5 = {
						CreatedOnToolsVersion = 7.2;
					};
				};
			};
			buildConfigurationList = 98D3609F1D3A8A6E002D57E5 /* Build configuration list for PBXProject "ImagesFlex" */;
			compatibilityVersion = "Xcode 3.2";
			developmentRegion = English;
			hasScannedForEncodings = 0;
			knownRegions = (
				en,
				Base,
			);
			mainGroup = 98D3609B1D3A8A6E002D57E5;
			productRefGroup = 98D360A51D3A8A6F002D57E5 /* Products */;
			projectDirPath = "";
			projectRoot = "";
			targets = (
				98D360A31D3A8A6F002D57E5 /* ImagesFlex */,
			);
		};
/* End PBXProject section */

/* Begin PBXResourcesBuildPhase section */
		98D360A21D3A8A6F002D57E5 /* Resources */ = {
			isa = PBXResourcesBuildPhase;
			buildActionMask = 2147483647;
			files = (
				98D360B71D3A8A6F002D57E5 /* LaunchScreen.storyboard in Resources */,
				98D360C21D3A8ABA002D57E5 /* qwe.jpg in Resources */,
				98D360B41D3A8A6F002D57E5 /* Assets.xcassets in Resources */,
				98D360B21D3A8A6F002D57E5 /* Main.storyboard in Resources */,
			);
			runOnlyForDeploymentPostprocessing = 0;
		};
/* End PBXResourcesBuildPhase section */

/* Begin PBXSourcesBuildPhase section */
		98D360A01D3A8A6F002D57E5 /* Sources */ = {
			isa = PBXSourcesBuildPhase;
			buildActionMask = 2147483647;
			files = (
				98D360AF1D3A8A6F002D57E5 /* ViewController.m in Sources */,
				98D360C01D3A8A85002D57E5 /* NextViewController.m in Sources */,
				98D360AC1D3A8A6F002D57E5 /* AppDelegate.m in Sources */,
				98D360A91D3A8A6F002D57E5 /* main.m in Sources */,
			);
			runOnlyForDeploymentPostprocessing = 0;
		};
/* End PBXSourcesBuildPhase section */

/* Begin PBXVariantGroup section */
		98D360B01D3A8A6F002D57E5 /* Main.storyboard */ = {
			isa = PBXVariantGroup;
			children = (
				98D360B11D3A8A6F002D57E5 /* Base */,
			);
			name = Main.storyboard;
			sourceTree = "<group>";
		};
		98D360B51D3A8A6F002D57E5 /* LaunchScreen.storyboard */ = {
			isa = PBXVariantGroup;
			children = (
				98D360B61D3A8A6F002D57E5 /* Base */,
			);
			name = LaunchScreen.storyboard;
			sourceTree = "<group>";
		};
/* End PBXVariantGroup section */

/* Begin XCBuildConfiguration section */
		98D360B91D3A8A6F002D57E5 /* Debug */ = {
			isa = XCBuildConfiguration;
			buildSettings = {
				ALWAYS_SEARCH_USER_PATHS = NO;
				CLANG_CXX_LANGUAGE_STANDARD = "gnu++0x";
				CLANG_CXX_LIBRARY = "libc++";
				CLANG_ENABLE_MODULES = YES;
				CLANG_ENABLE_OBJC_ARC = YES;
				CLANG_WARN_BOOL_CONVERSION = YES;
				CLANG_WARN_CONSTANT_CONVERSION = YES;
				CLANG_WARN_DIRECT_OBJC_ISA_USAGE = YES_ERROR;
				CLANG_WARN_EMPTY_BODY = YES;
				CLANG_WARN_ENUM_CONVERSION = YES;
				CLANG_WARN_INT_CONVERSION = YES;
				CLANG_WARN_OBJC_ROOT_CLASS = YES_ERROR;
				CLANG_WARN_UNREACHABLE_CODE = YES;
				CLANG_WARN__DUPLICATE_METHOD_MATCH = YES;
				"CODE_SIGN_IDENTITY[sdk=iphoneos*]" = "iPhone Developer";
				COPY_PHASE_STRIP = NO;
				DEBUG_INFORMATION_FORMAT = dwarf;
				ENABLE_STRICT_OBJC_MSGSEND = YES;
				ENABLE_TESTABILITY = YES;
				GCC_C_LANGUAGE_STANDARD = gnu99;
				GCC_DYNAMIC_NO_PIC = NO;
				GCC_NO_COMMON_BLOCKS = YES;
				GCC_OPTIMIZATION_LEVEL = 0;
				GCC_PREPROCESSOR_DEFINITIONS = (
					"DEBUG=1",
					"$(inherited)",
				);
				GCC_WARN_64_TO_32_BIT_CONVERSION = YES;
				GCC_WARN_ABOUT_RETURN_TYPE = YES_ERROR;
				GCC_WARN_UNDECLARED_SELECTOR = YES;
				GCC_WARN_UNINITIALIZED_AUTOS = YES_AGGRESSIVE;
				GCC_WARN_UNUSED_FUNCTION = YES;
				GCC_WARN_UNUSED_VARIABLE = YES;
				IPHONEOS_DEPLOYMENT_TARGET = 9.2;
				MTL_ENABLE_DEBUG_INFO = YES;
				ONLY_ACTIVE_ARCH = YES;
				SDKROOT = iphoneos;
				TARGETED_DEVICE_FAMILY = "1,2";
			};
			name = Debug;
		};
		98D360BA1D3A8A6F002D57E5 /* Release */ = {
			isa = XCBuildConfiguration;
			buildSettings = {
				ALWAYS_SEARCH_USER_PATHS = NO;
				CLANG_CXX_LANGUAGE_STANDARD = "gnu++0x";
				CLANG_CXX_LIBRARY = "libc++";
				CLANG_ENABLE_MODULES = YES;
				CLANG_ENABLE_OBJC_ARC = YES;
				CLANG_WARN_BOOL_CONVERSION = YES;
				CLANG_WARN_CONSTANT_CONVERSION = YES;
				CLANG_WARN_DIRECT_OBJC_ISA_USAGE = YES_ERROR;
				CLANG_WARN_EMPTY_BODY = YES;
				CLANG_WARN_ENUM_CONVERSION = YES;
				CLANG_WARN_INT_CONVERSION = YES;
				CLANG_WARN_OBJC_ROOT_CLASS = YES_ERROR;
				CLANG_WARN_UNREACHABLE_CODE = YES;
				CLANG_WARN__DUPLICATE_METHOD_MATCH = YES;
				"CODE_SIGN_IDENTITY[sdk=iphoneos*]" = "iPhone Developer";
				COPY_PHASE_STRIP = NO;
				DEBUG_INFORMATION_FORMAT = "dwarf-with-dsym";
				ENABLE_NS_ASSERTIONS = NO;
				ENABLE_STRICT_OBJC_MSGSEND = YES;
				GCC_C_LANGUAGE_STANDARD = gnu99;
				GCC_NO_COMMON_BLOCKS = YES;
				GCC_WARN_64_TO_32_BIT_CONVERSION = YES;
				GCC_WARN_ABOUT_RETURN_TYPE = YES_ERROR;
				GCC_WARN_UNDECLARED_SELECTOR = YES;
				GCC_WARN_UNINITIALIZED_AUTOS = YES_AGGRESSIVE;
				GCC_WARN_UNUSED_FUNCTION = YES;
				GCC_WARN_UNUSED_VARIABLE = YES;
				IPHONEOS_DEPLOYMENT_TARGET = 9.2;
				MTL_ENABLE_DEBUG_INFO = NO;
				SDKROOT = iphoneos;
				TARGETED_DEVICE_FAMILY = "1,2";
				VALIDATE_PRODUCT = YES;
			};
			name = Release;
		};
		98D360BC1D3A8A6F002D57E5 /* Debug */ = {
			isa = XCBuildConfiguration;
			buildSettings = {
				ASSETCATALOG_COMPILER_APPICON_NAME = AppIcon;
				INFOPLIST_FILE = ImagesFlex/Info.plist;
				LD_RUNPATH_SEARCH_PATHS = "$(inherited) @executable_path/Frameworks";
				PRODUCT_BUNDLE_IDENTIFIER = ll.ImagesFlex;
				PRODUCT_NAME = "$(TARGET_NAME)";
			};
			name = Debug;
		};
		98D360BD1D3A8A6F002D57E5 /* Release */ = {
			isa = XCBuildConfiguration;
			buildSettings = {
				ASSETCATALOG_COMPILER_APPICON_NAME = AppIcon;
				INFOPLIST_FILE = ImagesFlex/Info.plist;
				LD_RUNPATH_SEARCH_PATHS = "$(inherited) @executable_path/Frameworks";
				PRODUCT_BUNDLE_IDENTIFIER = ll.ImagesFlex;
				PRODUCT_NAME = "$(TARGET_NAME)";
			};
			name = Release;
		};
/* End XCBuildConfiguration section */

/* Begin XCConfigurationList section */
		98D3609F1D3A8A6E002D57E5 /* Build configuration list for PBXProject "ImagesFlex" */ = {
			isa = XCConfigurationList;
			buildConfigurations = (
				98D360B91D3A8A6F002D57E5 /* Debug */,
				98D360BA1D3A8A6F002D57E5 /* Release */,
			);
			defaultConfigurationIsVisible = 0;
			defaultConfigurationName = Release;
		};
		98D360BB1D3A8A6F002D57E5 /* Build configuration list for PBXNativeTarget "ImagesFlex" */ = {
			isa = XCConfigurationList;
			buildConfigurations = (
				98D360BC1D3A8A6F002D57E5 /* Debug */,
				98D360BD1D3A8A6F002D57E5 /* Release */,
			);
			defaultConfigurationIsVisible = 0;
		};
/* End XCConfigurationList section */
	};
	rootObject = 98D3609C1D3A8A6E002D57E5 /* Project object */;
}
